
Microsoft Visual Studio Solution File, Format Version 12.00
# Visual Studio Express 2012 for Windows Desktop
Project("{FAE04EC0-301F-11D3-BF4B-00C04F79EFBC}") = "LAB1.InsertionSort", "LAB1.InsertionSort.csproj", "{EAEFEDA1-36AE-4DA9-8F92-C703F039403D}"
EndProject
Global
	GlobalSection(SolutionConfigurationPlatforms) = preSolution
		Debug|Any CPU = Debug|Any CPU
		Release|Any CPU = Release|Any CPU
	EndGlobalSection
	GlobalSection(ProjectConfigurationPlatforms) = postSolution
		{EAEFEDA1-36AE-4DA9-8F92-C703F039403D}.Debug|Any CPU.ActiveCfg = Debug|Any CPU
		{EAEFEDA1-36AE-4DA9-8F92-C703F039403D}.Debug|Any CPU.Build.0 = Debug|Any CPU
		{EAEFEDA1-36AE-4DA9-8F92-C703F039403D}.Release|Any CPU.ActiveCfg = Release|Any CPU
		{EAEFEDA1-36AE-4DA9-8F92-C703F039403D}.Release|Any CPU.Build.0 = Release|Any CPU
	EndGlobalSection
	GlobalSection(SolutionProperties) = preSolution
		HideSolutionNode = FALSE
	EndGlobalSection
EndGlobal
